
Microsoft Visual Studio Solution File, Format Version 12.00
# Visual Studio 15
VisualStudioVersion = 15.0.27130.2020
MinimumVisualStudioVersion = 10.0.40219.1
Project("{2150E333-8FDC-42A3-9474-1A3956D46DE8}") = "src", "src", "{3CFF1F5A-C67C-4F4B-82C8-BE6835739CDC}"
EndProject
Project("{9A19103F-16F7-4668-BE54-9A1E7A4F7556}") = "SignalLearn", "src\SignalLearn\SignalLearn.csproj", "{470D1B27-1D26-4C15-9384-8533D68039CA}"
EndProject
Project("{9A19103F-16F7-4668-BE54-9A1E7A4F7556}") = "EFCoreLearn", "src\EFCoreLearn\EFCoreLearn.csproj", "{CDAF2427-324F-433F-B77F-DBAEC664FF1F}"
EndProject
Project("{9A19103F-16F7-4668-BE54-9A1E7A4F7556}") = "TodoApi", "src\TodoApi\TodoApi.csproj", "{12FABD19-2926-49A3-9AFD-6C69525B0091}"
EndProject
Project("{FAE04EC0-301F-11D3-BF4B-00C04F79EFBC}") = "Authorize_Policy_Provider", "Authorize_Policy_Provider\Authorize_Policy_Provider.csproj", "{F3A9E60C-645E-4BA3-94B9-2C87EF3F1A83}"
EndProject
Global
	GlobalSection(SolutionConfigurationPlatforms) = preSolution
		Debug|Any CPU = Debug|Any CPU
		Release|Any CPU = Release|Any CPU
	EndGlobalSection
	GlobalSection(ProjectConfigurationPlatforms) = postSolution
		{470D1B27-1D26-4C15-9384-8533D68039CA}.Debug|Any CPU.ActiveCfg = Debug|Any CPU
		{470D1B27-1D26-4C15-9384-8533D68039CA}.Debug|Any CPU.Build.0 = Debug|Any CPU
		{470D1B27-1D26-4C15-9384-8533D68039CA}.Release|Any CPU.ActiveCfg = Release|Any CPU
		{470D1B27-1D26-4C15-9384-8533D68039CA}.Release|Any CPU.Build.0 = Release|Any CPU
		{CDAF2427-324F-433F-B77F-DBAEC664FF1F}.Debug|Any CPU.ActiveCfg = Debug|Any CPU
		{CDAF2427-324F-433F-B77F-DBAEC664FF1F}.Debug|Any CPU.Build.0 = Debug|Any CPU
		{CDAF2427-324F-433F-B77F-DBAEC664FF1F}.Release|Any CPU.ActiveCfg = Release|Any CPU
		{CDAF2427-324F-433F-B77F-DBAEC664FF1F}.Release|Any CPU.Build.0 = Release|Any CPU
		{12FABD19-2926-49A3-9AFD-6C69525B0091}.Debug|Any CPU.ActiveCfg = Debug|Any CPU
		{12FABD19-2926-49A3-9AFD-6C69525B0091}.Debug|Any CPU.Build.0 = Debug|Any CPU
		{12FABD19-2926-49A3-9AFD-6C69525B0091}.Release|Any CPU.ActiveCfg = Release|Any CPU
		{12FABD19-2926-49A3-9AFD-6C69525B0091}.Release|Any CPU.Build.0 = Release|Any CPU
		{F3A9E60C-645E-4BA3-94B9-2C87EF3F1A83}.Debug|Any CPU.ActiveCfg = Debug|Any CPU
		{F3A9E60C-645E-4BA3-94B9-2C87EF3F1A83}.Debug|Any CPU.Build.0 = Debug|Any CPU
		{F3A9E60C-645E-4BA3-94B9-2C87EF3F1A83}.Release|Any CPU.ActiveCfg = Release|Any CPU
		{F3A9E60C-645E-4BA3-94B9-2C87EF3F1A83}.Release|Any CPU.Build.0 = Release|Any CPU
	EndGlobalSection
	GlobalSection(SolutionProperties) = preSolution
		HideSolutionNode = FALSE
	EndGlobalSection
	GlobalSection(NestedProjects) = preSolution
		{470D1B27-1D26-4C15-9384-8533D68039CA} = {3CFF1F5A-C67C-4F4B-82C8-BE6835739CDC}
		{CDAF2427-324F-433F-B77F-DBAEC664FF1F} = {3CFF1F5A-C67C-4F4B-82C8-BE6835739CDC}
		{12FABD19-2926-49A3-9AFD-6C69525B0091} = {3CFF1F5A-C67C-4F4B-82C8-BE6835739CDC}
		{F3A9E60C-645E-4BA3-94B9-2C87EF3F1A83} = {3CFF1F5A-C67C-4F4B-82C8-BE6835739CDC}
	EndGlobalSection
	GlobalSection(ExtensibilityGlobals) = postSolution
		SolutionGuid = {7BD03B15-0650-4A2E-8129-B7BC57D78816}
	EndGlobalSection
EndGlobal
