
Microsoft Visual Studio Solution File, Format Version 12.00
# Visual Studio 15
VisualStudioVersion = 15.0.27130.2020
MinimumVisualStudioVersion = 10.0.40219.1
Project("{2150E333-8FDC-42A3-9474-1A3956D46DE8}") = "src", "src", "{3CFF1F5A-C67C-4F4B-82C8-BE6835739CDC}"
EndProject
Project("{9A19103F-16F7-4668-BE54-9A1E7A4F7556}") = "SignalLearn", "src\SignalLearn\SignalLearn.csproj", "{470D1B27-1D26-4C15-9384-8533D68039CA}"
EndProject
Project("{9A19103F-16F7-4668-BE54-9A1E7A4F7556}") = "EFCoreLearn", "src\EFCoreLearn\EFCoreLearn.csproj", "{CDAF2427-324F-433F-B77F-DBAEC664FF1F}"
EndProject
Project("{9A19103F-16F7-4668-BE54-9A1E7A4F7556}") = "TodoApi", "src\TodoApi\TodoApi.csproj", "{12FABD19-2926-49A3-9AFD-6C69525B0091}"
EndProject
Project("{9A19103F-16F7-4668-BE54-9A1E7A4F7556}") = "Authorize_Policy_Provider", "Authorize_Policy_Provider\Authorize_Policy_Provider.csproj", "{F3A9E60C-645E-4BA3-94B9-2C87EF3F1A83}"
EndProject
Project("{9A19103F-16F7-4668-BE54-9A1E7A4F7556}") = "dockerTest", "src\dockerTest\dockerTest.csproj", "{16A17B80-DE25-476F-B1B1-38496642AB53}"
EndProject
Project("{9A19103F-16F7-4668-BE54-9A1E7A4F7556}") = "HangfireApp", "src\HangfireApp\HangfireApp.csproj", "{B7651647-F7ED-4C18-A183-1C5938EA0AE9}"
EndProject
Project("{9A19103F-16F7-4668-BE54-9A1E7A4F7556}") = "AppWithIdentityMysql", "src\AppWithIdentityMysql\AppWithIdentityMysql.csproj", "{77770591-3B16-4A36-B788-D721FAF486D7}"
EndProject
Project("{9A19103F-16F7-4668-BE54-9A1E7A4F7556}") = "AppCSRedis", "src\AppCSRedis\AppCSRedis.csproj", "{3D9584AD-F0B1-4FAA-8697-F856221B50E9}"
EndProject
Project("{9A19103F-16F7-4668-BE54-9A1E7A4F7556}") = "AppGraph", "src\AppGraph\AppGraph.csproj", "{67452241-764E-41BD-AE66-331B0456536D}"
EndProject
Project("{2150E333-8FDC-42A3-9474-1A3956D46DE8}") = "LearnGraph", "LearnGraph", "{63A73E4A-99BD-4606-B20D-9F4EA4234EE6}"
EndProject
Project("{9A19103F-16F7-4668-BE54-9A1E7A4F7556}") = "LearnGraph.Api", "src\LearnGraph\LearnGrap.Api\LearnGraph.Api.csproj", "{86804021-7191-4BF1-9E94-C4186D055681}"
EndProject
Project("{9A19103F-16F7-4668-BE54-9A1E7A4F7556}") = "LearnGraph.Movies", "src\LearnGraph\LearnGraph.Movies\LearnGraph.Movies.csproj", "{69441755-73BC-49B6-B89C-8ACE6F89955A}"
EndProject
Project("{FAE04EC0-301F-11D3-BF4B-00C04F79EFBC}") = "NSwagApp", "src\NSwagApp\NSwagApp.csproj", "{4B806B73-1DA2-46FD-B8B7-268B6B8F4CD1}"
EndProject
Global
	GlobalSection(SolutionConfigurationPlatforms) = preSolution
		Debug|Any CPU = Debug|Any CPU
		Release|Any CPU = Release|Any CPU
	EndGlobalSection
	GlobalSection(ProjectConfigurationPlatforms) = postSolution
		{470D1B27-1D26-4C15-9384-8533D68039CA}.Debug|Any CPU.ActiveCfg = Debug|Any CPU
		{470D1B27-1D26-4C15-9384-8533D68039CA}.Debug|Any CPU.Build.0 = Debug|Any CPU
		{470D1B27-1D26-4C15-9384-8533D68039CA}.Release|Any CPU.ActiveCfg = Release|Any CPU
		{470D1B27-1D26-4C15-9384-8533D68039CA}.Release|Any CPU.Build.0 = Release|Any CPU
		{CDAF2427-324F-433F-B77F-DBAEC664FF1F}.Debug|Any CPU.ActiveCfg = Debug|Any CPU
		{CDAF2427-324F-433F-B77F-DBAEC664FF1F}.Debug|Any CPU.Build.0 = Debug|Any CPU
		{CDAF2427-324F-433F-B77F-DBAEC664FF1F}.Release|Any CPU.ActiveCfg = Release|Any CPU
		{CDAF2427-324F-433F-B77F-DBAEC664FF1F}.Release|Any CPU.Build.0 = Release|Any CPU
		{12FABD19-2926-49A3-9AFD-6C69525B0091}.Debug|Any CPU.ActiveCfg = Debug|Any CPU
		{12FABD19-2926-49A3-9AFD-6C69525B0091}.Debug|Any CPU.Build.0 = Debug|Any CPU
		{12FABD19-2926-49A3-9AFD-6C69525B0091}.Release|Any CPU.ActiveCfg = Release|Any CPU
		{12FABD19-2926-49A3-9AFD-6C69525B0091}.Release|Any CPU.Build.0 = Release|Any CPU
		{F3A9E60C-645E-4BA3-94B9-2C87EF3F1A83}.Debug|Any CPU.ActiveCfg = Debug|Any CPU
		{F3A9E60C-645E-4BA3-94B9-2C87EF3F1A83}.Debug|Any CPU.Build.0 = Debug|Any CPU
		{F3A9E60C-645E-4BA3-94B9-2C87EF3F1A83}.Release|Any CPU.ActiveCfg = Release|Any CPU
		{F3A9E60C-645E-4BA3-94B9-2C87EF3F1A83}.Release|Any CPU.Build.0 = Release|Any CPU
		{16A17B80-DE25-476F-B1B1-38496642AB53}.Debug|Any CPU.ActiveCfg = Debug|Any CPU
		{16A17B80-DE25-476F-B1B1-38496642AB53}.Debug|Any CPU.Build.0 = Debug|Any CPU
		{16A17B80-DE25-476F-B1B1-38496642AB53}.Release|Any CPU.ActiveCfg = Release|Any CPU
		{16A17B80-DE25-476F-B1B1-38496642AB53}.Release|Any CPU.Build.0 = Release|Any CPU
		{B7651647-F7ED-4C18-A183-1C5938EA0AE9}.Debug|Any CPU.ActiveCfg = Debug|Any CPU
		{B7651647-F7ED-4C18-A183-1C5938EA0AE9}.Debug|Any CPU.Build.0 = Debug|Any CPU
		{B7651647-F7ED-4C18-A183-1C5938EA0AE9}.Release|Any CPU.ActiveCfg = Release|Any CPU
		{B7651647-F7ED-4C18-A183-1C5938EA0AE9}.Release|Any CPU.Build.0 = Release|Any CPU
		{77770591-3B16-4A36-B788-D721FAF486D7}.Debug|Any CPU.ActiveCfg = Debug|Any CPU
		{77770591-3B16-4A36-B788-D721FAF486D7}.Debug|Any CPU.Build.0 = Debug|Any CPU
		{77770591-3B16-4A36-B788-D721FAF486D7}.Release|Any CPU.ActiveCfg = Release|Any CPU
		{77770591-3B16-4A36-B788-D721FAF486D7}.Release|Any CPU.Build.0 = Release|Any CPU
		{3D9584AD-F0B1-4FAA-8697-F856221B50E9}.Debug|Any CPU.ActiveCfg = Debug|Any CPU
		{3D9584AD-F0B1-4FAA-8697-F856221B50E9}.Debug|Any CPU.Build.0 = Debug|Any CPU
		{3D9584AD-F0B1-4FAA-8697-F856221B50E9}.Release|Any CPU.ActiveCfg = Release|Any CPU
		{3D9584AD-F0B1-4FAA-8697-F856221B50E9}.Release|Any CPU.Build.0 = Release|Any CPU
		{67452241-764E-41BD-AE66-331B0456536D}.Debug|Any CPU.ActiveCfg = Debug|Any CPU
		{67452241-764E-41BD-AE66-331B0456536D}.Debug|Any CPU.Build.0 = Debug|Any CPU
		{67452241-764E-41BD-AE66-331B0456536D}.Release|Any CPU.ActiveCfg = Release|Any CPU
		{67452241-764E-41BD-AE66-331B0456536D}.Release|Any CPU.Build.0 = Release|Any CPU
		{86804021-7191-4BF1-9E94-C4186D055681}.Debug|Any CPU.ActiveCfg = Debug|Any CPU
		{86804021-7191-4BF1-9E94-C4186D055681}.Debug|Any CPU.Build.0 = Debug|Any CPU
		{86804021-7191-4BF1-9E94-C4186D055681}.Release|Any CPU.ActiveCfg = Release|Any CPU
		{86804021-7191-4BF1-9E94-C4186D055681}.Release|Any CPU.Build.0 = Release|Any CPU
		{69441755-73BC-49B6-B89C-8ACE6F89955A}.Debug|Any CPU.ActiveCfg = Debug|Any CPU
		{69441755-73BC-49B6-B89C-8ACE6F89955A}.Debug|Any CPU.Build.0 = Debug|Any CPU
		{69441755-73BC-49B6-B89C-8ACE6F89955A}.Release|Any CPU.ActiveCfg = Release|Any CPU
		{69441755-73BC-49B6-B89C-8ACE6F89955A}.Release|Any CPU.Build.0 = Release|Any CPU
		{4B806B73-1DA2-46FD-B8B7-268B6B8F4CD1}.Debug|Any CPU.ActiveCfg = Debug|Any CPU
		{4B806B73-1DA2-46FD-B8B7-268B6B8F4CD1}.Debug|Any CPU.Build.0 = Debug|Any CPU
		{4B806B73-1DA2-46FD-B8B7-268B6B8F4CD1}.Release|Any CPU.ActiveCfg = Release|Any CPU
		{4B806B73-1DA2-46FD-B8B7-268B6B8F4CD1}.Release|Any CPU.Build.0 = Release|Any CPU
	EndGlobalSection
	GlobalSection(SolutionProperties) = preSolution
		HideSolutionNode = FALSE
	EndGlobalSection
	GlobalSection(NestedProjects) = preSolution
		{470D1B27-1D26-4C15-9384-8533D68039CA} = {3CFF1F5A-C67C-4F4B-82C8-BE6835739CDC}
		{CDAF2427-324F-433F-B77F-DBAEC664FF1F} = {3CFF1F5A-C67C-4F4B-82C8-BE6835739CDC}
		{12FABD19-2926-49A3-9AFD-6C69525B0091} = {3CFF1F5A-C67C-4F4B-82C8-BE6835739CDC}
		{F3A9E60C-645E-4BA3-94B9-2C87EF3F1A83} = {3CFF1F5A-C67C-4F4B-82C8-BE6835739CDC}
		{16A17B80-DE25-476F-B1B1-38496642AB53} = {3CFF1F5A-C67C-4F4B-82C8-BE6835739CDC}
		{B7651647-F7ED-4C18-A183-1C5938EA0AE9} = {3CFF1F5A-C67C-4F4B-82C8-BE6835739CDC}
		{77770591-3B16-4A36-B788-D721FAF486D7} = {3CFF1F5A-C67C-4F4B-82C8-BE6835739CDC}
		{3D9584AD-F0B1-4FAA-8697-F856221B50E9} = {3CFF1F5A-C67C-4F4B-82C8-BE6835739CDC}
		{67452241-764E-41BD-AE66-331B0456536D} = {3CFF1F5A-C67C-4F4B-82C8-BE6835739CDC}
		{63A73E4A-99BD-4606-B20D-9F4EA4234EE6} = {3CFF1F5A-C67C-4F4B-82C8-BE6835739CDC}
		{86804021-7191-4BF1-9E94-C4186D055681} = {63A73E4A-99BD-4606-B20D-9F4EA4234EE6}
		{69441755-73BC-49B6-B89C-8ACE6F89955A} = {63A73E4A-99BD-4606-B20D-9F4EA4234EE6}
		{4B806B73-1DA2-46FD-B8B7-268B6B8F4CD1} = {3CFF1F5A-C67C-4F4B-82C8-BE6835739CDC}
	EndGlobalSection
	GlobalSection(ExtensibilityGlobals) = postSolution
		SolutionGuid = {7BD03B15-0650-4A2E-8129-B7BC57D78816}
	EndGlobalSection
EndGlobal
