{
  "name": "Core2.1Learn",
  "version": "1.0.0",
  "lockfileVersion": 1,
  "requires": true,
  "dependencies": {
    "@aspnet/signalr": {
      "version": "1.0.0",
      "resolved": "http://registry.npm.taobao.org/@aspnet/signalr/download/@aspnet/signalr-1.0.0.tgz",
      "integrity": "sha1-JrEKMgFKZcVAzFBTz/qIPDIHiM4="
    }
  }
}
